
Microsoft Visual Studio Solution File, Format Version 12.00
# Visual Studio Version 16
VisualStudioVersion = 16.0.30204.135
MinimumVisualStudioVersion = 10.0.40219.1
Project("{9A19103F-16F7-4668-BE54-9A1E7A4F7556}") = "Homework-1", "src\Homework-1\Homework-1.csproj", "{574D1CA4-B10B-4847-BCAF-E06CE651960D}"
EndProject
Project("{FAE04EC0-301F-11D3-BF4B-00C04F79EFBC}") = "Homework-4", "src\Homework-4\Homework-4.csproj", "{6EED3C1C-C187-4AC6-A534-CBB5BF90DB74}"
EndProject
Global
	GlobalSection(SolutionConfigurationPlatforms) = preSolution
		Debug|Any CPU = Debug|Any CPU
		Release|Any CPU = Release|Any CPU
	EndGlobalSection
	GlobalSection(ProjectConfigurationPlatforms) = postSolution
		{574D1CA4-B10B-4847-BCAF-E06CE651960D}.Debug|Any CPU.ActiveCfg = Debug|Any CPU
		{574D1CA4-B10B-4847-BCAF-E06CE651960D}.Debug|Any CPU.Build.0 = Debug|Any CPU
		{574D1CA4-B10B-4847-BCAF-E06CE651960D}.Release|Any CPU.ActiveCfg = Release|Any CPU
		{574D1CA4-B10B-4847-BCAF-E06CE651960D}.Release|Any CPU.Build.0 = Release|Any CPU
		{6EED3C1C-C187-4AC6-A534-CBB5BF90DB74}.Debug|Any CPU.ActiveCfg = Debug|Any CPU
		{6EED3C1C-C187-4AC6-A534-CBB5BF90DB74}.Debug|Any CPU.Build.0 = Debug|Any CPU
		{6EED3C1C-C187-4AC6-A534-CBB5BF90DB74}.Release|Any CPU.ActiveCfg = Release|Any CPU
		{6EED3C1C-C187-4AC6-A534-CBB5BF90DB74}.Release|Any CPU.Build.0 = Release|Any CPU
	EndGlobalSection
	GlobalSection(SolutionProperties) = preSolution
		HideSolutionNode = FALSE
	EndGlobalSection
	GlobalSection(ExtensibilityGlobals) = postSolution
		SolutionGuid = {0D57EBBE-6691-4D6A-A7E9-77200A4A0845}
	EndGlobalSection
EndGlobal
